Microsoft Visual Studio Solution File, Format Version 12.00
# Visual Studio 2012
Project("{FAE04EC0-301F-11D3-BF4B-00C04F79EFBC}") = "una", "una.csproj", "{BA30D186-838F-4AD1-9D62-05D4CD129FE3}"
EndProject
Global
	GlobalSection(SolutionConfigurationPlatforms) = preSolution
	Debug|Any CPU = Debug|Any CPU
	ExportDebug|Any CPU = ExportDebug|Any CPU
	ExportRelease|Any CPU = ExportRelease|Any CPU
	EndGlobalSection
	GlobalSection(ProjectConfigurationPlatforms) = postSolution
		{BA30D186-838F-4AD1-9D62-05D4CD129FE3}.Debug|Any CPU.ActiveCfg = Debug|Any CPU
		{BA30D186-838F-4AD1-9D62-05D4CD129FE3}.Debug|Any CPU.Build.0 = Debug|Any CPU
		{BA30D186-838F-4AD1-9D62-05D4CD129FE3}.ExportDebug|Any CPU.ActiveCfg = ExportDebug|Any CPU
		{BA30D186-838F-4AD1-9D62-05D4CD129FE3}.ExportDebug|Any CPU.Build.0 = ExportDebug|Any CPU
		{BA30D186-838F-4AD1-9D62-05D4CD129FE3}.ExportRelease|Any CPU.ActiveCfg = ExportRelease|Any CPU
		{BA30D186-838F-4AD1-9D62-05D4CD129FE3}.ExportRelease|Any CPU.Build.0 = ExportRelease|Any CPU
	EndGlobalSection
EndGlobal
