Microsoft Visual Studio Solution File, Format Version 12.00
# Visual Studio 2012
Project("{FAE04EC0-301F-11D3-BF4B-00C04F79EFBC}") = "Una", "Una.csproj", "{709D5165-78D9-4FFD-AC52-B297BE699DF5}"
EndProject
Global
	GlobalSection(SolutionConfigurationPlatforms) = preSolution
	Debug|Any CPU = Debug|Any CPU
	ExportDebug|Any CPU = ExportDebug|Any CPU
	ExportRelease|Any CPU = ExportRelease|Any CPU
	EndGlobalSection
	GlobalSection(ProjectConfigurationPlatforms) = postSolution
		{709D5165-78D9-4FFD-AC52-B297BE699DF5}.Debug|Any CPU.ActiveCfg = Debug|Any CPU
		{709D5165-78D9-4FFD-AC52-B297BE699DF5}.Debug|Any CPU.Build.0 = Debug|Any CPU
		{709D5165-78D9-4FFD-AC52-B297BE699DF5}.ExportDebug|Any CPU.ActiveCfg = ExportDebug|Any CPU
		{709D5165-78D9-4FFD-AC52-B297BE699DF5}.ExportDebug|Any CPU.Build.0 = ExportDebug|Any CPU
		{709D5165-78D9-4FFD-AC52-B297BE699DF5}.ExportRelease|Any CPU.ActiveCfg = ExportRelease|Any CPU
		{709D5165-78D9-4FFD-AC52-B297BE699DF5}.ExportRelease|Any CPU.Build.0 = ExportRelease|Any CPU
	EndGlobalSection
EndGlobal
